
Microsoft Visual Studio Solution File, Format Version 12.00
# Visual Studio 15
VisualStudioVersion = 15.0.26730.12
MinimumVisualStudioVersion = 10.0.40219.1
Project("{FAE04EC0-301F-11D3-BF4B-00C04F79EFBC}") = "Asp.NetCore.ClickJackingTestApplication", "Asp.NetCore.ClickJackingTestApplication\Asp.NetCore.ClickJackingTestApplication.csproj", "{FF837D1A-B430-4765-9DE3-4D6998AE3E4B}"
EndProject
Project("{FAE04EC0-301F-11D3-BF4B-00C04F79EFBC}") = "Asp.NetCore.ClickJackingVulnerableSite", "..\Asp.NetCore.ClickJackingVulnerableSite\Asp.NetCore.ClickJackingVulnerableSite.csproj", "{BC400643-2B48-4814-9EFE-279A19FCB509}"
EndProject
Global
	GlobalSection(SolutionConfigurationPlatforms) = preSolution
		Debug|Any CPU = Debug|Any CPU
		Release|Any CPU = Release|Any CPU
	EndGlobalSection
	GlobalSection(ProjectConfigurationPlatforms) = postSolution
		{FF837D1A-B430-4765-9DE3-4D6998AE3E4B}.Debug|Any CPU.ActiveCfg = Debug|Any CPU
		{FF837D1A-B430-4765-9DE3-4D6998AE3E4B}.Debug|Any CPU.Build.0 = Debug|Any CPU
		{FF837D1A-B430-4765-9DE3-4D6998AE3E4B}.Release|Any CPU.ActiveCfg = Release|Any CPU
		{FF837D1A-B430-4765-9DE3-4D6998AE3E4B}.Release|Any CPU.Build.0 = Release|Any CPU
		{BC400643-2B48-4814-9EFE-279A19FCB509}.Debug|Any CPU.ActiveCfg = Debug|Any CPU
		{BC400643-2B48-4814-9EFE-279A19FCB509}.Debug|Any CPU.Build.0 = Debug|Any CPU
		{BC400643-2B48-4814-9EFE-279A19FCB509}.Release|Any CPU.ActiveCfg = Release|Any CPU
		{BC400643-2B48-4814-9EFE-279A19FCB509}.Release|Any CPU.Build.0 = Release|Any CPU
	EndGlobalSection
	GlobalSection(SolutionProperties) = preSolution
		HideSolutionNode = FALSE
	EndGlobalSection
	GlobalSection(ExtensibilityGlobals) = postSolution
		SolutionGuid = {531D69B3-4C06-407E-B805-DCD9263B648A}
	EndGlobalSection
EndGlobal
